
Microsoft Visual Studio Solution File, Format Version 12.00
# Visual Studio 14
VisualStudioVersion = 14.0.25420.1
MinimumVisualStudioVersion = 10.0.40219.1
Project("{2150E333-8FDC-42A3-9474-1A3956D46DE8}") = "src", "src", "{526D941A-7BE7-4292-ADFB-75DE16175CC5}"
EndProject
Project("{2150E333-8FDC-42A3-9474-1A3956D46DE8}") = "Solution Items", "Solution Items", "{C9539F82-9526-494A-98D7-A457B38B2AAA}"
	ProjectSection(SolutionItems) = preProject
		global.json = global.json
	EndProjectSection
EndProject
Project("{8BB2217D-0F2D-49D1-97BC-3654ED321F3B}") = "Exercise-3", "src\Exercise-3\Exercise-3.xproj", "{C57572B4-A442-4A2F-A29A-EBBD1AE22BEE}"
EndProject
Global
	GlobalSection(SolutionConfigurationPlatforms) = preSolution
		Debug|Any CPU = Debug|Any CPU
		Release|Any CPU = Release|Any CPU
	EndGlobalSection
	GlobalSection(ProjectConfigurationPlatforms) = postSolution
		{C57572B4-A442-4A2F-A29A-EBBD1AE22BEE}.Debug|Any CPU.ActiveCfg = Debug|Any CPU
		{C57572B4-A442-4A2F-A29A-EBBD1AE22BEE}.Debug|Any CPU.Build.0 = Debug|Any CPU
		{C57572B4-A442-4A2F-A29A-EBBD1AE22BEE}.Release|Any CPU.ActiveCfg = Release|Any CPU
		{C57572B4-A442-4A2F-A29A-EBBD1AE22BEE}.Release|Any CPU.Build.0 = Release|Any CPU
	EndGlobalSection
	GlobalSection(SolutionProperties) = preSolution
		HideSolutionNode = FALSE
	EndGlobalSection
	GlobalSection(NestedProjects) = preSolution
		{C57572B4-A442-4A2F-A29A-EBBD1AE22BEE} = {526D941A-7BE7-4292-ADFB-75DE16175CC5}
	EndGlobalSection
EndGlobal
